Microsoft Visual Studio Solution File, Format Version 12.00
# Visual Studio Version 17
VisualStudioVersion = 17.5.2.0
MinimumVisualStudioVersion = 10.0.40219.1
Project("{2150E333-8FDC-42A3-9474-1A3956D46DE8}") = "Moduli 3", "Moduli 3", "{873934F4-0D7E-1CF3-3FC0-FAD63E5644D7}"
EndProject
Project("{FAE04EC0-301F-11D3-BF4B-00C04F79EFBC}") = "Csharptht", "Moduli 3\Csharptht\Csharptht.csproj", "{154DF5EA-D0CB-6C55-FA44-DAD247AE9BB9}"
EndProject
Project("{FAE04EC0-301F-11D3-BF4B-00C04F79EFBC}") = "E10", "Moduli 3\E10\E10.csproj", "{1248AC8C-BA6C-41E4-2EBB-AE55F1F0B37A}"
EndProject
Project("{FAE04EC0-301F-11D3-BF4B-00C04F79EFBC}") = "E91", "Moduli 3\E91\E91.csproj", "{A2214111-0391-3C43-690B-73C83F6F282A}"
EndProject
Project("{FAE04EC0-301F-11D3-BF4B-00C04F79EFBC}") = "E92", "Moduli 3\E92\E92.csproj", "{6B6CA79D-F860-5663-CE8A-7282A0CC4390}"
EndProject
Project("{FAE04EC0-301F-11D3-BF4B-00C04F79EFBC}") = "E93", "Moduli 3\E93\E93.csproj", "{AAED513D-9E84-976D-6CFB-4537270B7DC5}"
EndProject
Project("{FAE04EC0-301F-11D3-BF4B-00C04F79EFBC}") = "E94", "Moduli 3\E94\E94.csproj", "{EA20ED8D-8A44-21EC-1F47-B22C3763EEE1}"
EndProject
Project("{FAE04EC0-301F-11D3-BF4B-00C04F79EFBC}") = "E95", "Moduli 3\E95\E95.csproj", "{E50C3F43-1DC9-3378-D662-AB05F0FC1CE6}"
EndProject
Global
	GlobalSection(SolutionConfigurationPlatforms) = preSolution
		Debug|Any CPU = Debug|Any CPU
		Release|Any CPU = Release|Any CPU
	EndGlobalSection
	GlobalSection(ProjectConfigurationPlatforms) = postSolution
		{154DF5EA-D0CB-6C55-FA44-DAD247AE9BB9}.Debug|Any CPU.ActiveCfg = Debug|Any CPU
		{154DF5EA-D0CB-6C55-FA44-DAD247AE9BB9}.Debug|Any CPU.Build.0 = Debug|Any CPU
		{154DF5EA-D0CB-6C55-FA44-DAD247AE9BB9}.Release|Any CPU.ActiveCfg = Release|Any CPU
		{154DF5EA-D0CB-6C55-FA44-DAD247AE9BB9}.Release|Any CPU.Build.0 = Release|Any CPU
		{1248AC8C-BA6C-41E4-2EBB-AE55F1F0B37A}.Debug|Any CPU.ActiveCfg = Debug|Any CPU
		{1248AC8C-BA6C-41E4-2EBB-AE55F1F0B37A}.Debug|Any CPU.Build.0 = Debug|Any CPU
		{1248AC8C-BA6C-41E4-2EBB-AE55F1F0B37A}.Release|Any CPU.ActiveCfg = Release|Any CPU
		{1248AC8C-BA6C-41E4-2EBB-AE55F1F0B37A}.Release|Any CPU.Build.0 = Release|Any CPU
		{A2214111-0391-3C43-690B-73C83F6F282A}.Debug|Any CPU.ActiveCfg = Debug|Any CPU
		{A2214111-0391-3C43-690B-73C83F6F282A}.Debug|Any CPU.Build.0 = Debug|Any CPU
		{A2214111-0391-3C43-690B-73C83F6F282A}.Release|Any CPU.ActiveCfg = Release|Any CPU
		{A2214111-0391-3C43-690B-73C83F6F282A}.Release|Any CPU.Build.0 = Release|Any CPU
		{6B6CA79D-F860-5663-CE8A-7282A0CC4390}.Debug|Any CPU.ActiveCfg = Debug|Any CPU
		{6B6CA79D-F860-5663-CE8A-7282A0CC4390}.Debug|Any CPU.Build.0 = Debug|Any CPU
		{6B6CA79D-F860-5663-CE8A-7282A0CC4390}.Release|Any CPU.ActiveCfg = Release|Any CPU
		{6B6CA79D-F860-5663-CE8A-7282A0CC4390}.Release|Any CPU.Build.0 = Release|Any CPU
		{AAED513D-9E84-976D-6CFB-4537270B7DC5}.Debug|Any CPU.ActiveCfg = Debug|Any CPU
		{AAED513D-9E84-976D-6CFB-4537270B7DC5}.Debug|Any CPU.Build.0 = Debug|Any CPU
		{AAED513D-9E84-976D-6CFB-4537270B7DC5}.Release|Any CPU.ActiveCfg = Release|Any CPU
		{AAED513D-9E84-976D-6CFB-4537270B7DC5}.Release|Any CPU.Build.0 = Release|Any CPU
		{EA20ED8D-8A44-21EC-1F47-B22C3763EEE1}.Debug|Any CPU.ActiveCfg = Debug|Any CPU
		{EA20ED8D-8A44-21EC-1F47-B22C3763EEE1}.Debug|Any CPU.Build.0 = Debug|Any CPU
		{EA20ED8D-8A44-21EC-1F47-B22C3763EEE1}.Release|Any CPU.ActiveCfg = Release|Any CPU
		{EA20ED8D-8A44-21EC-1F47-B22C3763EEE1}.Release|Any CPU.Build.0 = Release|Any CPU
		{E50C3F43-1DC9-3378-D662-AB05F0FC1CE6}.Debug|Any CPU.ActiveCfg = Debug|Any CPU
		{E50C3F43-1DC9-3378-D662-AB05F0FC1CE6}.Debug|Any CPU.Build.0 = Debug|Any CPU
		{E50C3F43-1DC9-3378-D662-AB05F0FC1CE6}.Release|Any CPU.ActiveCfg = Release|Any CPU
		{E50C3F43-1DC9-3378-D662-AB05F0FC1CE6}.Release|Any CPU.Build.0 = Release|Any CPU
	EndGlobalSection
	GlobalSection(SolutionProperties) = preSolution
		HideSolutionNode = FALSE
	EndGlobalSection
	GlobalSection(NestedProjects) = preSolution
		{154DF5EA-D0CB-6C55-FA44-DAD247AE9BB9} = {873934F4-0D7E-1CF3-3FC0-FAD63E5644D7}
		{1248AC8C-BA6C-41E4-2EBB-AE55F1F0B37A} = {873934F4-0D7E-1CF3-3FC0-FAD63E5644D7}
		{A2214111-0391-3C43-690B-73C83F6F282A} = {873934F4-0D7E-1CF3-3FC0-FAD63E5644D7}
		{6B6CA79D-F860-5663-CE8A-7282A0CC4390} = {873934F4-0D7E-1CF3-3FC0-FAD63E5644D7}
		{AAED513D-9E84-976D-6CFB-4537270B7DC5} = {873934F4-0D7E-1CF3-3FC0-FAD63E5644D7}
		{EA20ED8D-8A44-21EC-1F47-B22C3763EEE1} = {873934F4-0D7E-1CF3-3FC0-FAD63E5644D7}
		{E50C3F43-1DC9-3378-D662-AB05F0FC1CE6} = {873934F4-0D7E-1CF3-3FC0-FAD63E5644D7}
	EndGlobalSection
	GlobalSection(ExtensibilityGlobals) = postSolution
		SolutionGuid = {6BB3D333-3851-4129-BFEB-80C7643527F6}
	EndGlobalSection
EndGlobal
